
Microsoft Visual Studio Solution File, Format Version 12.00
# Visual Studio 2012
Project("{FAE04EC0-301F-11D3-BF4B-00C04F79EFBC}") = "Website", "Website\Website.csproj", "{FCFDC25B-3409-46D4-8EBA-85E7E5C3E15E}"
EndProject
Project("{2150E333-8FDC-42A3-9474-1A3956D46DE8}") = ".nuget", ".nuget", "{1EACF2DA-6DED-464F-99F1-C980CA02AA24}"
	ProjectSection(SolutionItems) = preProject
		.nuget\NuGet.Config = .nuget\NuGet.Config
		.nuget\NuGet.exe = .nuget\NuGet.exe
		.nuget\NuGet.targets = .nuget\NuGet.targets
	EndProjectSection
EndProject
Global
	GlobalSection(SolutionConfigurationPlatforms) = preSolution
		Debug|Any CPU = Debug|Any CPU
		Release|Any CPU = Release|Any CPU
	EndGlobalSection
	GlobalSection(ProjectConfigurationPlatforms) = postSolution
		{FCFDC25B-3409-46D4-8EBA-85E7E5C3E15E}.Debug|Any CPU.ActiveCfg = Debug|Any CPU
		{FCFDC25B-3409-46D4-8EBA-85E7E5C3E15E}.Debug|Any CPU.Build.0 = Debug|Any CPU
		{FCFDC25B-3409-46D4-8EBA-85E7E5C3E15E}.Release|Any CPU.ActiveCfg = Release|Any CPU
		{FCFDC25B-3409-46D4-8EBA-85E7E5C3E15E}.Release|Any CPU.Build.0 = Release|Any CPU
	EndGlobalSection
	GlobalSection(SolutionProperties) = preSolution
		HideSolutionNode = FALSE
	EndGlobalSection
EndGlobal
